// !$*UTF8*$!
{
	archiveVersion = 1;
	classes = {
	};
	objectVersion = 48;
	objects = {

/* Begin PBXBuildFile section */
		94C0771A237DC2D6006281F2 /* WebKit.framework in Frameworks */ = {isa = PBXBuildFile; fileRef = 94C07719237DC2D6006281F2 /* WebKit.framework */; };
		A984DEC41FACC3D8005B9576 /* AppDelegate.swift in Sources */ = {isa = PBXBuildFile; fileRef = A984DEC31FACC3D8005B9576 /* AppDelegate.swift */; };
		A984DEC61FACC3D8005B9576 /* ViewController.swift in Sources */ = {isa = PBXBuildFile; fileRef = A984DEC51FACC3D8005B9576 /* ViewController.swift */; };
		A984DEC91FACC3D8005B9576 /* Main.storyboard in Resources */ = {isa = PBXBuildFile; fileRef = A984DEC71FACC3D8005B9576 /* Main.storyboard */; };
		A984DECB1FACC3D8005B9576 /* Assets.xcassets in Resources */ = {isa = PBXBuildFile; fileRef = A984DECA1FACC3D8005B9576 /* Assets.xcassets */; };
		A984DECE1FACC3D8005B9576 /* LaunchScreen.storyboard in Resources */ = {isa = PBXBuildFile; fileRef = A984DECC1FACC3D8005B9576 /* LaunchScreen.storyboard */; };
/* End PBXBuildFile section */

/* Begin PBXFileReference section */
		94C07719237DC2D6006281F2 /* WebKit.framework */ = {isa = PBXFileReference; lastKnownFileType = wrapper.framework; name = WebKit.framework; path = System/Library/Frameworks/WebKit.framework; sourceTree = SDKROOT; };
		A93806BD1FB0E92100657271 /* APC.entitlements */ = {isa = PBXFileReference; lastKnownFileType = text.plist.entitlements; path = APC.entitlements; sourceTree = "<group>"; };
		A984DEC01FACC3D8005B9576 /* APC-RI.app */ = {isa = PBXFileReference; explicitFileType = wrapper.application; includeInIndex = 0; path = "APC-RI.app"; sourceTree = BUILT_PRODUCTS_DIR; };
		A984DEC31FACC3D8005B9576 /* AppDelegate.swift */ = {isa = PBXFileReference; lastKnownFileType = sourcecode.swift; path = AppDelegate.swift; sourceTree = "<group>"; };
		A984DEC51FACC3D8005B9576 /* ViewController.swift */ = {isa = PBXFileReference; lastKnownFileType = sourcecode.swift; path = ViewController.swift; sourceTree = "<group>"; };
		A984DEC81FACC3D8005B9576 /* Base */ = {isa = PBXFileReference; lastKnownFileType = file.storyboard; name = Base; path = Base.lproj/Main.storyboard; sourceTree = "<group>"; };
		A984DECA1FACC3D8005B9576 /* Assets.xcassets */ = {isa = PBXFileReference; lastKnownFileType = folder.assetcatalog; path = Assets.xcassets; sourceTree = "<group>"; };
		A984DECD1FACC3D8005B9576 /* Base */ = {isa = PBXFileReference; lastKnownFileType = file.storyboard; name = Base; path = Base.lproj/LaunchScreen.storyboard; sourceTree = "<group>"; };
		A984DECF1FACC3D8005B9576 /* Info.plist */ = {isa = PBXFileReference; lastKnownFileType = text.plist.xml; path = Info.plist; sourceTree = "<group>"; };
/* End PBXFileReference section */

/* Begin PBXFrameworksBuildPhase section */
		A984DEBD1FACC3D8005B9576 /* Frameworks */ = {
			isa = PBXFrameworksBuildPhase;
			buildActionMask = 2147483647;
			files = (
				94C0771A237DC2D6006281F2 /* WebKit.framework in Frameworks */,
			);
			runOnlyForDeploymentPostprocessing = 0;
		};
/* End PBXFrameworksBuildPhase section */

/* Begin PBXGroup section */
		94C07718237DC2D6006281F2 /* Frameworks */ = {
			isa = PBXGroup;
			children = (
				94C07719237DC2D6006281F2 /* WebKit.framework */,
			);
			name = Frameworks;
			sourceTree = "<group>";
		};
		A984DEB71FACC3D8005B9576 = {
			isa = PBXGroup;
			children = (
				A93806BD1FB0E92100657271 /* APC.entitlements */,
				A984DEC21FACC3D8005B9576 /* App */,
				A984DEC11FACC3D8005B9576 /* Products */,
				94C07718237DC2D6006281F2 /* Frameworks */,
			);
			sourceTree = "<group>";
		};
		A984DEC11FACC3D8005B9576 /* Products */ = {
			isa = PBXGroup;
			children = (
				A984DEC01FACC3D8005B9576 /* APC-RI.app */,
			);
			name = Products;
			sourceTree = "<group>";
		};
		A984DEC21FACC3D8005B9576 /* App */ = {
			isa = PBXGroup;
			children = (
				A984DEC31FACC3D8005B9576 /* AppDelegate.swift */,
				A984DEC51FACC3D8005B9576 /* ViewController.swift */,
				A984DEC71FACC3D8005B9576 /* Main.storyboard */,
				A984DECA1FACC3D8005B9576 /* Assets.xcassets */,
				A984DECC1FACC3D8005B9576 /* LaunchScreen.storyboard */,
				A984DECF1FACC3D8005B9576 /* Info.plist */,
			);
			path = App;
			sourceTree = "<group>";
		};
/* End PBXGroup section */

/* Begin PBXNativeTarget section */
		A984DEBF1FACC3D8005B9576 /* APC */ = {
			isa = PBXNativeTarget;
			buildConfigurationList = A984DED21FACC3D8005B9576 /* Build configuration list for PBXNativeTarget "APC" */;
			buildPhases = (
				A984DEBC1FACC3D8005B9576 /* Sources */,
				A984DEBD1FACC3D8005B9576 /* Frameworks */,
				A984DEBE1FACC3D8005B9576 /* Resources */,
			);
			buildRules = (
			);
			dependencies = (
			);
			name = APC;
			productName = App;
			productReference = A984DEC01FACC3D8005B9576 /* APC-RI.app */;
			productType = "com.apple.product-type.application";
		};
/* End PBXNativeTarget section */

/* Begin PBXProject section */
		A984DEB81FACC3D8005B9576 /* Project object */ = {
			isa = PBXProject;
			attributes = {
				LastSwiftUpdateCheck = 0900;
				LastUpgradeCheck = 1120;
				ORGANIZATIONNAME = "APC Data Analytics";
				TargetAttributes = {
					A984DEBF1FACC3D8005B9576 = {
						CreatedOnToolsVersion = 9.0.1;
						LastSwiftMigration = 1120;
						ProvisioningStyle = Automatic;
						SystemCapabilities = {
							com.apple.Keychain = {
								enabled = 0;
							};
						};
					};
				};
			};
			buildConfigurationList = A984DEBB1FACC3D8005B9576 /* Build configuration list for PBXProject "APC" */;
			compatibilityVersion = "Xcode 8.0";
			developmentRegion = en;
			hasScannedForEncodings = 0;
			knownRegions = (
				en,
				Base,
			);
			mainGroup = A984DEB71FACC3D8005B9576;
			productRefGroup = A984DEC11FACC3D8005B9576 /* Products */;
			projectDirPath = "";
			projectRoot = "";
			targets = (
				A984DEBF1FACC3D8005B9576 /* APC */,
			);
		};
/* End PBXProject section */

/* Begin PBXResourcesBuildPhase section */
		A984DEBE1FACC3D8005B9576 /* Resources */ = {
			isa = PBXResourcesBuildPhase;
			buildActionMask = 2147483647;
			files = (
				A984DECE1FACC3D8005B9576 /* LaunchScreen.storyboard in Resources */,
				A984DECB1FACC3D8005B9576 /* Assets.xcassets in Resources */,
				A984DEC91FACC3D8005B9576 /* Main.storyboard in Resources */,
			);
			runOnlyForDeploymentPostprocessing = 0;
		};
/* End PBXResourcesBuildPhase section */

/* Begin PBXSourcesBuildPhase section */
		A984DEBC1FACC3D8005B9576 /* Sources */ = {
			isa = PBXSourcesBuildPhase;
			buildActionMask = 2147483647;
			files = (
				A984DEC61FACC3D8005B9576 /* ViewController.swift in Sources */,
				A984DEC41FACC3D8005B9576 /* AppDelegate.swift in Sources */,
			);
			runOnlyForDeploymentPostprocessing = 0;
		};
/* End PBXSourcesBuildPhase section */

/* Begin PBXVariantGroup section */
		A984DEC71FACC3D8005B9576 /* Main.storyboard */ = {
			isa = PBXVariantGroup;
			children = (
				A984DEC81FACC3D8005B9576 /* Base */,
			);
			name = Main.storyboard;
			sourceTree = "<group>";
		};
		A984DECC1FACC3D8005B9576 /* LaunchScreen.storyboard */ = {
			isa = PBXVariantGroup;
			children = (
				A984DECD1FACC3D8005B9576 /* Base */,
			);
			name = LaunchScreen.storyboard;
			sourceTree = "<group>";
		};
/* End PBXVariantGroup section */

/* Begin XCBuildConfiguration section */
		A984DED01FACC3D8005B9576 /* Debug */ = {
			isa = XCBuildConfiguration;
			buildSettings = {
				ALWAYS_SEARCH_USER_PATHS = NO;
				CLANG_ANALYZER_NONNULL = YES;
				CLANG_ANALYZER_NUMBER_OBJECT_CONVERSION = YES_AGGRESSIVE;
				CLANG_CXX_LANGUAGE_STANDARD = "gnu++14";
				CLANG_CXX_LIBRARY = "libc++";
				CLANG_ENABLE_MODULES = YES;
				CLANG_ENABLE_OBJC_ARC = YES;
				CLANG_WARN_BLOCK_CAPTURE_AUTORELEASING = YES;
				CLANG_WARN_BOOL_CONVERSION = YES;
				CLANG_WARN_COMMA = YES;
				CLANG_WARN_CONSTANT_CONVERSION = YES;
				CLANG_WARN_DEPRECATED_OBJC_IMPLEMENTATIONS = YES;
				CLANG_WARN_DIRECT_OBJC_ISA_USAGE = YES_ERROR;
				CLANG_WARN_DOCUMENTATION_COMMENTS = YES;
				CLANG_WARN_EMPTY_BODY = YES;
				CLANG_WARN_ENUM_CONVERSION = YES;
				CLANG_WARN_INFINITE_RECURSION = YES;
				CLANG_WARN_INT_CONVERSION = YES;
				CLANG_WARN_NON_LITERAL_NULL_CONVERSION = YES;
				CLANG_WARN_OBJC_IMPLICIT_RETAIN_SELF = YES;
				CLANG_WARN_OBJC_LITERAL_CONVERSION = YES;
				CLANG_WARN_OBJC_ROOT_CLASS = YES_ERROR;
				CLANG_WARN_RANGE_LOOP_ANALYSIS = YES;
				CLANG_WARN_STRICT_PROTOTYPES = YES;
				CLANG_WARN_SUSPICIOUS_MOVE = YES;
				CLANG_WARN_UNGUARDED_AVAILABILITY = YES_AGGRESSIVE;
				CLANG_WARN_UNREACHABLE_CODE = YES;
				CLANG_WARN__DUPLICATE_METHOD_MATCH = YES;
				CODE_SIGN_IDENTITY = "iPhone Developer";
				COPY_PHASE_STRIP = NO;
				DEBUG_INFORMATION_FORMAT = dwarf;
				ENABLE_STRICT_OBJC_MSGSEND = YES;
				ENABLE_TESTABILITY = YES;
				GCC_C_LANGUAGE_STANDARD = gnu11;
				GCC_DYNAMIC_NO_PIC = NO;
				GCC_NO_COMMON_BLOCKS = YES;
				GCC_OPTIMIZATION_LEVEL = 0;
				GCC_PREPROCESSOR_DEFINITIONS = (
					"DEBUG=1",
					"$(inherited)",
				);
				GCC_WARN_64_TO_32_BIT_CONVERSION = YES;
				GCC_WARN_ABOUT_RETURN_TYPE = YES_ERROR;
				GCC_WARN_UNDECLARED_SELECTOR = YES;
				GCC_WARN_UNINITIALIZED_AUTOS = YES_AGGRESSIVE;
				GCC_WARN_UNUSED_FUNCTION = YES;
				GCC_WARN_UNUSED_VARIABLE = YES;
				IPHONEOS_DEPLOYMENT_TARGET = 11.0;
				MTL_ENABLE_DEBUG_INFO = YES;
				ONLY_ACTIVE_ARCH = YES;
				SDKROOT = iphoneos;
				SWIFT_ACTIVE_COMPILATION_CONDITIONS = DEBUG;
				SWIFT_OPTIMIZATION_LEVEL = "-Onone";
			};
			name = Debug;
		};
		A984DED11FACC3D8005B9576 /* Release */ = {
			isa = XCBuildConfiguration;
			buildSettings = {
				ALWAYS_SEARCH_USER_PATHS = NO;
				CLANG_ANALYZER_NONNULL = YES;
				CLANG_ANALYZER_NUMBER_OBJECT_CONVERSION = YES_AGGRESSIVE;
				CLANG_CXX_LANGUAGE_STANDARD = "gnu++14";
				CLANG_CXX_LIBRARY = "libc++";
				CLANG_ENABLE_MODULES = YES;
				CLANG_ENABLE_OBJC_ARC = YES;
				CLANG_WARN_BLOCK_CAPTURE_AUTORELEASING = YES;
				CLANG_WARN_BOOL_CONVERSION = YES;
				CLANG_WARN_COMMA = YES;
				CLANG_WARN_CONSTANT_CONVERSION = YES;
				CLANG_WARN_DEPRECATED_OBJC_IMPLEMENTATIONS = YES;
				CLANG_WARN_DIRECT_OBJC_ISA_USAGE = YES_ERROR;
				CLANG_WARN_DOCUMENTATION_COMMENTS = YES;
				CLANG_WARN_EMPTY_BODY = YES;
				CLANG_WARN_ENUM_CONVERSION = YES;
				CLANG_WARN_INFINITE_RECURSION = YES;
				CLANG_WARN_INT_CONVERSION = YES;
				CLANG_WARN_NON_LITERAL_NULL_CONVERSION = YES;
				CLANG_WARN_OBJC_IMPLICIT_RETAIN_SELF = YES;
				CLANG_WARN_OBJC_LITERAL_CONVERSION = YES;
				CLANG_WARN_OBJC_ROOT_CLASS = YES_ERROR;
				CLANG_WARN_RANGE_LOOP_ANALYSIS = YES;
				CLANG_WARN_STRICT_PROTOTYPES = YES;
				CLANG_WARN_SUSPICIOUS_MOVE = YES;
				CLANG_WARN_UNGUARDED_AVAILABILITY = YES_AGGRESSIVE;
				CLANG_WARN_UNREACHABLE_CODE = YES;
				CLANG_WARN__DUPLICATE_METHOD_MATCH = YES;
				CODE_SIGN_IDENTITY = "iPhone Developer";
				COPY_PHASE_STRIP = NO;
				DEBUG_INFORMATION_FORMAT = "dwarf-with-dsym";
				ENABLE_NS_ASSERTIONS = NO;
				ENABLE_STRICT_OBJC_MSGSEND = YES;
				GCC_C_LANGUAGE_STANDARD = gnu11;
				GCC_NO_COMMON_BLOCKS = YES;
				GCC_WARN_64_TO_32_BIT_CONVERSION = YES;
				GCC_WARN_ABOUT_RETURN_TYPE = YES_ERROR;
				GCC_WARN_UNDECLARED_SELECTOR = YES;
				GCC_WARN_UNINITIALIZED_AUTOS = YES_AGGRESSIVE;
				GCC_WARN_UNUSED_FUNCTION = YES;
				GCC_WARN_UNUSED_VARIABLE = YES;
				IPHONEOS_DEPLOYMENT_TARGET = 11.0;
				MTL_ENABLE_DEBUG_INFO = NO;
				SDKROOT = iphoneos;
				SWIFT_OPTIMIZATION_LEVEL = "-Owholemodule";
				VALIDATE_PRODUCT = YES;
			};
			name = Release;
		};
		A984DED31FACC3D8005B9576 /* Debug */ = {
			isa = XCBuildConfiguration;
			buildSettings = {
				ASSETCATALOG_COMPILER_APPICON_NAME = AppIcon;
				"CODE_SIGN_IDENTITY[sdk=iphoneos*]" = "iPhone Developer";
				CODE_SIGN_STYLE = Automatic;
				CURRENT_PROJECT_VERSION = 1;
				DEVELOPMENT_TEAM = 6JM6LS984K;
				INFOPLIST_FILE = App/Info.plist;
				IPHONEOS_DEPLOYMENT_TARGET = 12.0;
				LD_RUNPATH_SEARCH_PATHS = "$(inherited) @executable_path/Frameworks";
				MARKETING_VERSION = 1.1;
				MTL_ENABLE_DEBUG_INFO = NO;
				PRODUCT_BUNDLE_IDENTIFIER = com.apcdataanalytics.APC;
				PRODUCT_NAME = "APC-RI";
				PROVISIONING_PROFILE_SPECIFIER = "";
				SWIFT_VERSION = 5.0;
				TARGETED_DEVICE_FAMILY = "1,2";
			};
			name = Debug;
		};
		A984DED41FACC3D8005B9576 /* Release */ = {
			isa = XCBuildConfiguration;
			buildSettings = {
				ASSETCATALOG_COMPILER_APPICON_NAME = AppIcon;
				"CODE_SIGN_IDENTITY[sdk=iphoneos*]" = "iPhone Developer";
				CODE_SIGN_STYLE = Automatic;
				CURRENT_PROJECT_VERSION = 1;
				DEVELOPMENT_TEAM = 6JM6LS984K;
				INFOPLIST_FILE = App/Info.plist;
				IPHONEOS_DEPLOYMENT_TARGET = 12.0;
				LD_RUNPATH_SEARCH_PATHS = "$(inherited) @executable_path/Frameworks";
				MARKETING_VERSION = 1.1;
				MTL_ENABLE_DEBUG_INFO = YES;
				PRODUCT_BUNDLE_IDENTIFIER = com.apcdataanalytics.APC;
				PRODUCT_NAME = "APC-RI";
				PROVISIONING_PROFILE_SPECIFIER = "";
				SWIFT_VERSION = 5.0;
				TARGETED_DEVICE_FAMILY = "1,2";
			};
			name = Release;
		};
/* End XCBuildConfiguration section */

/* Begin XCConfigurationList section */
		A984DEBB1FACC3D8005B9576 /* Build configuration list for PBXProject "APC" */ = {
			isa = XCConfigurationList;
			buildConfigurations = (
				A984DED01FACC3D8005B9576 /* Debug */,
				A984DED11FACC3D8005B9576 /* Release */,
			);
			defaultConfigurationIsVisible = 0;
			defaultConfigurationName = Release;
		};
		A984DED21FACC3D8005B9576 /* Build configuration list for PBXNativeTarget "APC" */ = {
			isa = XCConfigurationList;
			buildConfigurations = (
				A984DED31FACC3D8005B9576 /* Debug */,
				A984DED41FACC3D8005B9576 /* Release */,
			);
			defaultConfigurationIsVisible = 0;
			defaultConfigurationName = Release;
		};
/* End XCConfigurationList section */
	};
	rootObject = A984DEB81FACC3D8005B9576 /* Project object */;
}
